dependencies:
- condition: ""
  enabled: false
  name: mariadb
  repository: http://localhost:10191
  tags: null
  version: 0.6.0-1
- condition: ""
  enabled: false
  name: rabbitmq
  repository: http://localhost:10191
  tags: null
  version: 0.6.0-1
- condition: ""
  enabled: false
  name: memcached
  repository: http://localhost:10191
  tags: null
  version: 0.6.0-1
- condition: ""
  enabled: false
  name: keystone
  repository: http://localhost:10191
  tags: null
  version: 0.6.0-1
- condition: ""
  enabled: false
  name: glance
  repository: http://localhost:10191
  tags: null
  version: 0.6.0-1
- condition: ""
  enabled: false
  name: openvswitch
  repository: http://localhost:10191
  tags: null
  version: 0.6.0-1
- condition: ""
  enabled: false
  name: neutron
  repository: http://localhost:10191
  tags: null
  version: 0.6.0-1
- condition: ""
  enabled: false
  name: nova-control
  repository: http://localhost:10191
  tags: null
  version: 0.6.0-1
- condition: ""
  enabled: false
  name: ironic
  repository: http://localhost:10191
  tags: null
  version: 0.6.0-1
- condition: ""
  enabled: false
  name: nova-compute
  repository: http://localhost:10191
  tags: null
  version: 0.6.0-1
- condition: ""
  enabled: false
  name: nova-compute-ironic
  repository: http://localhost:10191
  tags: null
  version: 0.6.0-1
- condition: ""
  enabled: false
  name: horizon
  repository: http://localhost:10191
  tags: null
  version: 0.6.0-1
digest: sha256:76d8c4a3b3b866abaf355f1fea7fe194af7aeed9ef6519085847461080643544
generated: 2017-03-10T12:21:03.853664683-08:00
