dependencies:
- condition: ""
  enabled: false
  name: neutron-create-db-job
  repository: file://../../microservice/neutron-create-db-job
  tags: null
  version: 0.6.0-1
- condition: ""
  enabled: false
  name: neutron-server-svc
  repository: file://../../microservice/neutron-server-svc
  tags: null
  version: 0.6.0-1
- condition: ""
  enabled: false
  name: neutron-create-keystone-service-job
  repository: file://../../microservice/neutron-create-keystone-service-job
  tags: null
  version: 0.6.0-1
- condition: ""
  enabled: false
  name: neutron-create-keystone-endpoint-admin-job
  repository: file://../../microservice/neutron-create-keystone-endpoint-admin-job
  tags: null
  version: 0.6.0-1
- condition: ""
  enabled: false
  name: neutron-create-keystone-endpoint-internal-job
  repository: file://../../microservice/neutron-create-keystone-endpoint-internal-job
  tags: null
  version: 0.6.0-1
- condition: ""
  enabled: false
  name: neutron-create-keystone-endpoint-public-job
  repository: file://../../microservice/neutron-create-keystone-endpoint-public-job
  tags: null
  version: 0.6.0-1
- condition: ""
  enabled: false
  name: neutron-create-keystone-user-job
  repository: file://../../microservice/neutron-create-keystone-user-job
  tags: null
  version: 0.6.0-1
- condition: ""
  enabled: false
  name: neutron-manage-db-job
  repository: file://../../microservice/neutron-manage-db-job
  tags: null
  version: 0.6.0-1
- condition: ""
  enabled: false
  name: neutron-server-deployment
  repository: file://../../microservice/neutron-server-deployment
  tags: null
  version: 0.6.0-1
- condition: ""
  enabled: false
  name: neutron-dhcp-agent-daemonset
  repository: file://../../microservice/neutron-dhcp-agent-daemonset
  tags: null
  version: 0.6.0-1
- condition: ""
  enabled: false
  name: neutron-l3-agent-daemonset
  repository: file://../../microservice/neutron-l3-agent-daemonset
  tags: null
  version: 0.6.0-1
- condition: ""
  enabled: false
  name: neutron-metadata-agent-daemonset
  repository: file://../../microservice/neutron-metadata-agent-daemonset
  tags: null
  version: 0.6.0-1
- condition: ""
  enabled: false
  name: neutron-openvswitch-agent-daemonset
  repository: file://../../microservice/neutron-openvswitch-agent-daemonset
  tags: null
  version: 0.6.0-1
digest: sha256:43457899b39e31e359bc14aa5111d93245ab78dd10a8f41940b28a207ddc301b
generated: 2017-03-10T12:20:54.769159565-08:00
